
Microsoft Visual Studio Solution File, Format Version 12.00
# Visual Studio Version 17
VisualStudioVersion = 17.3.32922.545
MinimumVisualStudioVersion = 10.0.40219.1
Project("{FAE04EC0-301F-11D3-BF4B-00C04F79EFBC}") = "PasswordM", "PasswordM.csproj", "{F20A3AC0-7D90-46E8-B6BD-1D8D21D2C0A0}"
EndProject
Project("{9A19103F-16F7-4668-BE54-9A1E7A4F7556}") = "PasswordManager.Data", "..\PasswordManager.Data\PasswordManager.Data.csproj", "{FF7A7847-578A-412D-976F-1361106F4DA9}"
EndProject
Project("{9A19103F-16F7-4668-BE54-9A1E7A4F7556}") = "PasswordManager.Models", "..\PasswordManager.Models\PasswordManager.Models.csproj", "{F425193E-8FDF-48D5-86A2-F846D95C0128}"
EndProject
Global
	GlobalSection(SolutionConfigurationPlatforms) = preSolution
		Debug|Any CPU = Debug|Any CPU
		Release|Any CPU = Release|Any CPU
	EndGlobalSection
	GlobalSection(ProjectConfigurationPlatforms) = postSolution
		{F20A3AC0-7D90-46E8-B6BD-1D8D21D2C0A0}.Debug|Any CPU.ActiveCfg = Debug|Any CPU
		{F20A3AC0-7D90-46E8-B6BD-1D8D21D2C0A0}.Debug|Any CPU.Build.0 = Debug|Any CPU
		{F20A3AC0-7D90-46E8-B6BD-1D8D21D2C0A0}.Release|Any CPU.ActiveCfg = Release|Any CPU
		{F20A3AC0-7D90-46E8-B6BD-1D8D21D2C0A0}.Release|Any CPU.Build.0 = Release|Any CPU
		{FF7A7847-578A-412D-976F-1361106F4DA9}.Debug|Any CPU.ActiveCfg = Debug|Any CPU
		{FF7A7847-578A-412D-976F-1361106F4DA9}.Debug|Any CPU.Build.0 = Debug|Any CPU
		{FF7A7847-578A-412D-976F-1361106F4DA9}.Release|Any CPU.ActiveCfg = Release|Any CPU
		{FF7A7847-578A-412D-976F-1361106F4DA9}.Release|Any CPU.Build.0 = Release|Any CPU
		{F425193E-8FDF-48D5-86A2-F846D95C0128}.Debug|Any CPU.ActiveCfg = Debug|Any CPU
		{F425193E-8FDF-48D5-86A2-F846D95C0128}.Debug|Any CPU.Build.0 = Debug|Any CPU
		{F425193E-8FDF-48D5-86A2-F846D95C0128}.Release|Any CPU.ActiveCfg = Release|Any CPU
		{F425193E-8FDF-48D5-86A2-F846D95C0128}.Release|Any CPU.Build.0 = Release|Any CPU
	EndGlobalSection
	GlobalSection(SolutionProperties) = preSolution
		HideSolutionNode = FALSE
	EndGlobalSection
	GlobalSection(ExtensibilityGlobals) = postSolution
		SolutionGuid = {E0A5F8F4-A39D-4C74-A063-49A2A827F032}
	EndGlobalSection
EndGlobal
